
Microsoft Visual Studio Solution File, Format Version 12.00
# Visual Studio Version 17
VisualStudioVersion = 17.0.32014.148
MinimumVisualStudioVersion = 10.0.40219.1
Project("{FAE04EC0-301F-11D3-BF4B-00C04F79EFBC}") = "Folder2YTD", "Folder2YTD\Folder2YTD.csproj", "{7807FC16-0835-4BBE-85EA-9492B080AE69}"
EndProject
Global
	GlobalSection(SolutionConfigurationPlatforms) = preSolution
		Debug|Any CPU = Debug|Any CPU
		Release|Any CPU = Release|Any CPU
	EndGlobalSection
	GlobalSection(ProjectConfigurationPlatforms) = postSolution
		{7807FC16-0835-4BBE-85EA-9492B080AE69}.Debug|Any CPU.ActiveCfg = Debug|Any CPU
		{7807FC16-0835-4BBE-85EA-9492B080AE69}.Debug|Any CPU.Build.0 = Debug|Any CPU
		{7807FC16-0835-4BBE-85EA-9492B080AE69}.Release|Any CPU.ActiveCfg = Release|Any CPU
		{7807FC16-0835-4BBE-85EA-9492B080AE69}.Release|Any CPU.Build.0 = Release|Any CPU
	EndGlobalSection
	GlobalSection(SolutionProperties) = preSolution
		HideSolutionNode = FALSE
	EndGlobalSection
	GlobalSection(ExtensibilityGlobals) = postSolution
		SolutionGuid = {A202CFC1-2375-4376-BE33-C8D57711E00C}
	EndGlobalSection
EndGlobal
